// !$*UTF8*$!
{
	archiveVersion = 1;
	classes = {
	};
	objectVersion = 46;
	objects = {

/* Begin PBXBuildFile section */
		4DE6CA10BF8E48C89227F836 /* libPods-MVVM-RAC-Demo.a in Frameworks */ = {isa = PBXBuildFile; fileRef = A4E82DE100846F0891C9F49C /* libPods-MVVM-RAC-Demo.a */; };
		B61A8DC61EDD9E9E0042FF6B /* User.m in Sources */ = {isa = PBXBuildFile; fileRef = B61A8DC51EDD9E9E0042FF6B /* User.m */; };
		B61A8DC91EDD9EE80042FF6B /* LoginViewModel.m in Sources */ = {isa = PBXBuildFile; fileRef = B61A8DC81EDD9EE80042FF6B /* LoginViewModel.m */; };
		B6DBD49E1EDD518900008466 /* main.m in Sources */ = {isa = PBXBuildFile; fileRef = B6DBD49D1EDD518900008466 /* main.m */; };
		B6DBD4A11EDD518900008466 /* AppDelegate.m in Sources */ = {isa = PBXBuildFile; fileRef = B6DBD4A01EDD518900008466 /* AppDelegate.m */; };
		B6DBD4A41EDD518900008466 /* ViewController.m in Sources */ = {isa = PBXBuildFile; fileRef = B6DBD4A31EDD518900008466 /* ViewController.m */; };
		B6DBD4A71EDD518900008466 /* Main.storyboard in Resources */ = {isa = PBXBuildFile; fileRef = B6DBD4A51EDD518900008466 /* Main.storyboard */; };
		B6DBD4A91EDD518900008466 /* Assets.xcassets in Resources */ = {isa = PBXBuildFile; fileRef = B6DBD4A81EDD518900008466 /* Assets.xcassets */; };
		B6DBD4AC1EDD518900008466 /* LaunchScreen.storyboard in Resources */ = {isa = PBXBuildFile; fileRef = B6DBD4AA1EDD518900008466 /* LaunchScreen.storyboard */; };
/* End PBXBuildFile section */

/* Begin PBXFileReference section */
		A4E82DE100846F0891C9F49C /* libPods-MVVM-RAC-Demo.a */ = {isa = PBXFileReference; explicitFileType = archive.ar; includeInIndex = 0; path = "libPods-MVVM-RAC-Demo.a"; sourceTree = BUILT_PRODUCTS_DIR; };
		B61A8DC41EDD9E9E0042FF6B /* User.h */ = {isa = PBXFileReference; fileEncoding = 4; lastKnownFileType = sourcecode.c.h; name = User.h; path = ../User.h; sourceTree = "<group>"; };
		B61A8DC51EDD9E9E0042FF6B /* User.m */ = {isa = PBXFileReference; fileEncoding = 4; lastKnownFileType = sourcecode.c.objc; name = User.m; path = ../User.m; sourceTree = "<group>"; };
		B61A8DC71EDD9EE80042FF6B /* LoginViewModel.h */ = {isa = PBXFileReference; fileEncoding = 4; lastKnownFileType = sourcecode.c.h; name = LoginViewModel.h; path = ../LoginViewModel.h; sourceTree = "<group>"; };
		B61A8DC81EDD9EE80042FF6B /* LoginViewModel.m */ = {isa = PBXFileReference; fileEncoding = 4; lastKnownFileType = sourcecode.c.objc; name = LoginViewModel.m; path = ../LoginViewModel.m; sourceTree = "<group>"; };
		B6DBD4991EDD518900008466 /* MVVM-RAC-Demo.app */ = {isa = PBXFileReference; explicitFileType = wrapper.application; includeInIndex = 0; path = "MVVM-RAC-Demo.app"; sourceTree = BUILT_PRODUCTS_DIR; };
		B6DBD49D1EDD518900008466 /* main.m */ = {isa = PBXFileReference; lastKnownFileType = sourcecode.c.objc; path = main.m; sourceTree = "<group>"; };
		B6DBD49F1EDD518900008466 /* AppDelegate.h */ = {isa = PBXFileReference; lastKnownFileType = sourcecode.c.h; path = AppDelegate.h; sourceTree = "<group>"; };
		B6DBD4A01EDD518900008466 /* AppDelegate.m */ = {isa = PBXFileReference; lastKnownFileType = sourcecode.c.objc; path = AppDelegate.m; sourceTree = "<group>"; };
		B6DBD4A21EDD518900008466 /* ViewController.h */ = {isa = PBXFileReference; lastKnownFileType = sourcecode.c.h; path = ViewController.h; sourceTree = "<group>"; };
		B6DBD4A31EDD518900008466 /* ViewController.m */ = {isa = PBXFileReference; lastKnownFileType = sourcecode.c.objc; path = ViewController.m; sourceTree = "<group>"; };
		B6DBD4A61EDD518900008466 /* Base */ = {isa = PBXFileReference; lastKnownFileType = file.storyboard; name = Base; path = Base.lproj/Main.storyboard; sourceTree = "<group>"; };
		B6DBD4A81EDD518900008466 /* Assets.xcassets */ = {isa = PBXFileReference; lastKnownFileType = folder.assetcatalog; path = Assets.xcassets; sourceTree = "<group>"; };
		B6DBD4AB1EDD518900008466 /* Base */ = {isa = PBXFileReference; lastKnownFileType = file.storyboard; name = Base; path = Base.lproj/LaunchScreen.storyboard; sourceTree = "<group>"; };
		B6DBD4AD1EDD518900008466 /* Info.plist */ = {isa = PBXFileReference; lastKnownFileType = text.plist.xml; path = Info.plist; sourceTree = "<group>"; };
		F341B4BC3BC6A96698A8BA20 /* Pods-MVVM-RAC-Demo.debug.xcconfig */ = {isa = PBXFileReference; includeInIndex = 1; lastKnownFileType = text.xcconfig; name = "Pods-MVVM-RAC-Demo.debug.xcconfig"; path = "Pods/Target Support Files/Pods-MVVM-RAC-Demo/Pods-MVVM-RAC-Demo.debug.xcconfig"; sourceTree = "<group>"; };
		F9AA1ECE6D94281A1544F2F7 /* Pods-MVVM-RAC-Demo.release.xcconfig */ = {isa = PBXFileReference; includeInIndex = 1; lastKnownFileType = text.xcconfig; name = "Pods-MVVM-RAC-Demo.release.xcconfig"; path = "Pods/Target Support Files/Pods-MVVM-RAC-Demo/Pods-MVVM-RAC-Demo.release.xcconfig"; sourceTree = "<group>"; };
/* End PBXFileReference section */

/* Begin PBXFrameworksBuildPhase section */
		B6DBD4961EDD518900008466 /* Frameworks */ = {
			isa = PBXFrameworksBuildPhase;
			buildActionMask = 2147483647;
			files = (
				4DE6CA10BF8E48C89227F836 /* libPods-MVVM-RAC-Demo.a in Frameworks */,
			);
			runOnlyForDeploymentPostprocessing = 0;
		};
/* End PBXFrameworksBuildPhase section */

/* Begin PBXGroup section */
		6CFF86A531214C27B6C7474D /* Pods */ = {
			isa = PBXGroup;
			children = (
				F341B4BC3BC6A96698A8BA20 /* Pods-MVVM-RAC-Demo.debug.xcconfig */,
				F9AA1ECE6D94281A1544F2F7 /* Pods-MVVM-RAC-Demo.release.xcconfig */,
			);
			name = Pods;
			sourceTree = "<group>";
		};
		8C3A875225D7D8FAFC55C9B3 /* Frameworks */ = {
			isa = PBXGroup;
			children = (
				A4E82DE100846F0891C9F49C /* libPods-MVVM-RAC-Demo.a */,
			);
			name = Frameworks;
			sourceTree = "<group>";
		};
		B61A8DCA1EDDA9090042FF6B /* Model */ = {
			isa = PBXGroup;
			children = (
				B61A8DC41EDD9E9E0042FF6B /* User.h */,
				B61A8DC51EDD9E9E0042FF6B /* User.m */,
			);
			path = Model;
			sourceTree = "<group>";
		};
		B61A8DCB1EDDA91A0042FF6B /* ViewModel */ = {
			isa = PBXGroup;
			children = (
				B61A8DC71EDD9EE80042FF6B /* LoginViewModel.h */,
				B61A8DC81EDD9EE80042FF6B /* LoginViewModel.m */,
			);
			path = ViewModel;
			sourceTree = "<group>";
		};
		B61A8DCC1EDDA93C0042FF6B /* View */ = {
			isa = PBXGroup;
			children = (
				B6DBD4A51EDD518900008466 /* Main.storyboard */,
			);
			path = View;
			sourceTree = "<group>";
		};
		B6DBD4901EDD518900008466 = {
			isa = PBXGroup;
			children = (
				B6DBD49B1EDD518900008466 /* MVVM-RAC-Demo */,
				B6DBD49A1EDD518900008466 /* Products */,
				6CFF86A531214C27B6C7474D /* Pods */,
				8C3A875225D7D8FAFC55C9B3 /* Frameworks */,
			);
			sourceTree = "<group>";
		};
		B6DBD49A1EDD518900008466 /* Products */ = {
			isa = PBXGroup;
			children = (
				B6DBD4991EDD518900008466 /* MVVM-RAC-Demo.app */,
			);
			name = Products;
			sourceTree = "<group>";
		};
		B6DBD49B1EDD518900008466 /* MVVM-RAC-Demo */ = {
			isa = PBXGroup;
			children = (
				B61A8DCC1EDDA93C0042FF6B /* View */,
				B61A8DCB1EDDA91A0042FF6B /* ViewModel */,
				B61A8DCA1EDDA9090042FF6B /* Model */,
				B6DBD49F1EDD518900008466 /* AppDelegate.h */,
				B6DBD4A01EDD518900008466 /* AppDelegate.m */,
				B6DBD4A21EDD518900008466 /* ViewController.h */,
				B6DBD4A31EDD518900008466 /* ViewController.m */,
				B6DBD4A81EDD518900008466 /* Assets.xcassets */,
				B6DBD4AA1EDD518900008466 /* LaunchScreen.storyboard */,
				B6DBD4AD1EDD518900008466 /* Info.plist */,
				B6DBD49C1EDD518900008466 /* Supporting Files */,
			);
			path = "MVVM-RAC-Demo";
			sourceTree = "<group>";
		};
		B6DBD49C1EDD518900008466 /* Supporting Files */ = {
			isa = PBXGroup;
			children = (
				B6DBD49D1EDD518900008466 /* main.m */,
			);
			name = "Supporting Files";
			sourceTree = "<group>";
		};
/* End PBXGroup section */

/* Begin PBXNativeTarget section */
		B6DBD4981EDD518900008466 /* MVVM-RAC-Demo */ = {
			isa = PBXNativeTarget;
			buildConfigurationList = B6DBD4B01EDD518900008466 /* Build configuration list for PBXNativeTarget "MVVM-RAC-Demo" */;
			buildPhases = (
				3648BD8C8A7D03BDD6DCED52 /* [CP] Check Pods Manifest.lock */,
				B6DBD4951EDD518900008466 /* Sources */,
				B6DBD4961EDD518900008466 /* Frameworks */,
				B6DBD4971EDD518900008466 /* Resources */,
				65ADEBB5D5D89D435C85B3D5 /* [CP] Embed Pods Frameworks */,
				E2296B98E21F39856C8F6B22 /* [CP] Copy Pods Resources */,
			);
			buildRules = (
			);
			dependencies = (
			);
			name = "MVVM-RAC-Demo";
			productName = "MVVM-RAC-Demo";
			productReference = B6DBD4991EDD518900008466 /* MVVM-RAC-Demo.app */;
			productType = "com.apple.product-type.application";
		};
/* End PBXNativeTarget section */

/* Begin PBXProject section */
		B6DBD4911EDD518900008466 /* Project object */ = {
			isa = PBXProject;
			attributes = {
				LastUpgradeCheck = 0820;
				ORGANIZATIONNAME = LiYang;
				TargetAttributes = {
					B6DBD4981EDD518900008466 = {
						CreatedOnToolsVersion = 8.2.1;
						ProvisioningStyle = Automatic;
					};
				};
			};
			buildConfigurationList = B6DBD4941EDD518900008466 /* Build configuration list for PBXProject "MVVM-RAC-Demo" */;
			compatibilityVersion = "Xcode 3.2";
			developmentRegion = English;
			hasScannedForEncodings = 0;
			knownRegions = (
				en,
				Base,
			);
			mainGroup = B6DBD4901EDD518900008466;
			productRefGroup = B6DBD49A1EDD518900008466 /* Products */;
			projectDirPath = "";
			projectRoot = "";
			targets = (
				B6DBD4981EDD518900008466 /* MVVM-RAC-Demo */,
			);
		};
/* End PBXProject section */

/* Begin PBXResourcesBuildPhase section */
		B6DBD4971EDD518900008466 /* Resources */ = {
			isa = PBXResourcesBuildPhase;
			buildActionMask = 2147483647;
			files = (
				B6DBD4AC1EDD518900008466 /* LaunchScreen.storyboard in Resources */,
				B6DBD4A91EDD518900008466 /* Assets.xcassets in Resources */,
				B6DBD4A71EDD518900008466 /* Main.storyboard in Resources */,
			);
			runOnlyForDeploymentPostprocessing = 0;
		};
/* End PBXResourcesBuildPhase section */

/* Begin PBXShellScriptBuildPhase section */
		3648BD8C8A7D03BDD6DCED52 /* [CP] Check Pods Manifest.lock */ = {
			isa = PBXShellScriptBuildPhase;
			buildActionMask = 2147483647;
			files = (
			);
			inputPaths = (
			);
			name = "[CP] Check Pods Manifest.lock";
			outputPaths = (
			);
			runOnlyForDeploymentPostprocessing = 0;
			shellPath = /bin/sh;
			shellScript = "diff \"${PODS_ROOT}/../Podfile.lock\" \"${PODS_ROOT}/Manifest.lock\" > /dev/null\nif [ $? != 0 ] ; then\n    # print error to STDERR\n    echo \"error: The sandbox is not in sync with the Podfile.lock. Run 'pod install' or update your CocoaPods installation.\" >&2\n    exit 1\nfi\n";
			showEnvVarsInLog = 0;
		};
		65ADEBB5D5D89D435C85B3D5 /* [CP] Embed Pods Frameworks */ = {
			isa = PBXShellScriptBuildPhase;
			buildActionMask = 2147483647;
			files = (
			);
			inputPaths = (
			);
			name = "[CP] Embed Pods Frameworks";
			outputPaths = (
			);
			runOnlyForDeploymentPostprocessing = 0;
			shellPath = /bin/sh;
			shellScript = "\"${SRCROOT}/Pods/Target Support Files/Pods-MVVM-RAC-Demo/Pods-MVVM-RAC-Demo-frameworks.sh\"\n";
			showEnvVarsInLog = 0;
		};
		E2296B98E21F39856C8F6B22 /* [CP] Copy Pods Resources */ = {
			isa = PBXShellScriptBuildPhase;
			buildActionMask = 2147483647;
			files = (
			);
			inputPaths = (
			);
			name = "[CP] Copy Pods Resources";
			outputPaths = (
			);
			runOnlyForDeploymentPostprocessing = 0;
			shellPath = /bin/sh;
			shellScript = "\"${SRCROOT}/Pods/Target Support Files/Pods-MVVM-RAC-Demo/Pods-MVVM-RAC-Demo-resources.sh\"\n";
			showEnvVarsInLog = 0;
		};
/* End PBXShellScriptBuildPhase section */

/* Begin PBXSourcesBuildPhase section */
		B6DBD4951EDD518900008466 /* Sources */ = {
			isa = PBXSourcesBuildPhase;
			buildActionMask = 2147483647;
			files = (
				B61A8DC61EDD9E9E0042FF6B /* User.m in Sources */,
				B6DBD4A41EDD518900008466 /* ViewController.m in Sources */,
				B6DBD4A11EDD518900008466 /* AppDelegate.m in Sources */,
				B61A8DC91EDD9EE80042FF6B /* LoginViewModel.m in Sources */,
				B6DBD49E1EDD518900008466 /* main.m in Sources */,
			);
			runOnlyForDeploymentPostprocessing = 0;
		};
/* End PBXSourcesBuildPhase section */

/* Begin PBXVariantGroup section */
		B6DBD4A51EDD518900008466 /* Main.storyboard */ = {
			isa = PBXVariantGroup;
			children = (
				B6DBD4A61EDD518900008466 /* Base */,
			);
			name = Main.storyboard;
			path = ..;
			sourceTree = "<group>";
		};
		B6DBD4AA1EDD518900008466 /* LaunchScreen.storyboard */ = {
			isa = PBXVariantGroup;
			children = (
				B6DBD4AB1EDD518900008466 /* Base */,
			);
			name = LaunchScreen.storyboard;
			sourceTree = "<group>";
		};
/* End PBXVariantGroup section */

/* Begin XCBuildConfiguration section */
		B6DBD4AE1EDD518900008466 /* Debug */ = {
			isa = XCBuildConfiguration;
			buildSettings = {
				ALWAYS_SEARCH_USER_PATHS = NO;
				CLANG_ANALYZER_NONNULL = YES;
				CLANG_CXX_LANGUAGE_STANDARD = "gnu++0x";
				CLANG_CXX_LIBRARY = "libc++";
				CLANG_ENABLE_MODULES = YES;
				CLANG_ENABLE_OBJC_ARC = YES;
				CLANG_WARN_BOOL_CONVERSION = YES;
				CLANG_WARN_CONSTANT_CONVERSION = YES;
				CLANG_WARN_DIRECT_OBJC_ISA_USAGE = YES_ERROR;
				CLANG_WARN_DOCUMENTATION_COMMENTS = YES;
				CLANG_WARN_EMPTY_BODY = YES;
				CLANG_WARN_ENUM_CONVERSION = YES;
				CLANG_WARN_INFINITE_RECURSION = YES;
				CLANG_WARN_INT_CONVERSION = YES;
				CLANG_WARN_OBJC_ROOT_CLASS = YES_ERROR;
				CLANG_WARN_SUSPICIOUS_MOVE = YES;
				CLANG_WARN_UNREACHABLE_CODE = YES;
				CLANG_WARN__DUPLICATE_METHOD_MATCH = YES;
				"CODE_SIGN_IDENTITY[sdk=iphoneos*]" = "iPhone Developer";
				COPY_PHASE_STRIP = NO;
				DEBUG_INFORMATION_FORMAT = dwarf;
				ENABLE_STRICT_OBJC_MSGSEND = YES;
				ENABLE_TESTABILITY = YES;
				GCC_C_LANGUAGE_STANDARD = gnu99;
				GCC_DYNAMIC_NO_PIC = NO;
				GCC_NO_COMMON_BLOCKS = YES;
				GCC_OPTIMIZATION_LEVEL = 0;
				GCC_PREPROCESSOR_DEFINITIONS = (
					"DEBUG=1",
					"$(inherited)",
				);
				GCC_WARN_64_TO_32_BIT_CONVERSION = YES;
				GCC_WARN_ABOUT_RETURN_TYPE = YES_ERROR;
				GCC_WARN_UNDECLARED_SELECTOR = YES;
				GCC_WARN_UNINITIALIZED_AUTOS = YES_AGGRESSIVE;
				GCC_WARN_UNUSED_FUNCTION = YES;
				GCC_WARN_UNUSED_VARIABLE = YES;
				IPHONEOS_DEPLOYMENT_TARGET = 10.2;
				MTL_ENABLE_DEBUG_INFO = YES;
				ONLY_ACTIVE_ARCH = YES;
				SDKROOT = iphoneos;
			};
			name = Debug;
		};
		B6DBD4AF1EDD518900008466 /* Release */ = {
			isa = XCBuildConfiguration;
			buildSettings = {
				ALWAYS_SEARCH_USER_PATHS = NO;
				CLANG_ANALYZER_NONNULL = YES;
				CLANG_CXX_LANGUAGE_STANDARD = "gnu++0x";
				CLANG_CXX_LIBRARY = "libc++";
				CLANG_ENABLE_MODULES = YES;
				CLANG_ENABLE_OBJC_ARC = YES;
				CLANG_WARN_BOOL_CONVERSION = YES;
				CLANG_WARN_CONSTANT_CONVERSION = YES;
				CLANG_WARN_DIRECT_OBJC_ISA_USAGE = YES_ERROR;
				CLANG_WARN_DOCUMENTATION_COMMENTS = YES;
				CLANG_WARN_EMPTY_BODY = YES;
				CLANG_WARN_ENUM_CONVERSION = YES;
				CLANG_WARN_INFINITE_RECURSION = YES;
				CLANG_WARN_INT_CONVERSION = YES;
				CLANG_WARN_OBJC_ROOT_CLASS = YES_ERROR;
				CLANG_WARN_SUSPICIOUS_MOVE = YES;
				CLANG_WARN_UNREACHABLE_CODE = YES;
				CLANG_WARN__DUPLICATE_METHOD_MATCH = YES;
				"CODE_SIGN_IDENTITY[sdk=iphoneos*]" = "iPhone Developer";
				COPY_PHASE_STRIP = NO;
				DEBUG_INFORMATION_FORMAT = "dwarf-with-dsym";
				ENABLE_NS_ASSERTIONS = NO;
				ENABLE_STRICT_OBJC_MSGSEND = YES;
				GCC_C_LANGUAGE_STANDARD = gnu99;
				GCC_NO_COMMON_BLOCKS = YES;
				GCC_WARN_64_TO_32_BIT_CONVERSION = YES;
				GCC_WARN_ABOUT_RETURN_TYPE = YES_ERROR;
				GCC_WARN_UNDECLARED_SELECTOR = YES;
				GCC_WARN_UNINITIALIZED_AUTOS = YES_AGGRESSIVE;
				GCC_WARN_UNUSED_FUNCTION = YES;
				GCC_WARN_UNUSED_VARIABLE = YES;
				IPHONEOS_DEPLOYMENT_TARGET = 10.2;
				MTL_ENABLE_DEBUG_INFO = NO;
				SDKROOT = iphoneos;
				VALIDATE_PRODUCT = YES;
			};
			name = Release;
		};
		B6DBD4B11EDD518900008466 /* Debug */ = {
			isa = XCBuildConfiguration;
			baseConfigurationReference = F341B4BC3BC6A96698A8BA20 /* Pods-MVVM-RAC-Demo.debug.xcconfig */;
			buildSettings = {
				ASSETCATALOG_COMPILER_APPICON_NAME = AppIcon;
				HEADER_SEARCH_PATHS = (
					"$(inherited)",
					"\"${PODS_ROOT}/Headers/Public\"",
					"\"${PODS_ROOT}/Headers/Public/Masonry\"",
					"\"${PODS_ROOT}/Headers/Public/ReactiveCocoa\"",
					"${SRCROOT}/**",
				);
				INFOPLIST_FILE = "MVVM-RAC-Demo/Info.plist";
				LD_RUNPATH_SEARCH_PATHS = "$(inherited) @executable_path/Frameworks";
				PRODUCT_BUNDLE_IDENTIFIER = "com.LiYang.start.MVVM-RAC-Demo";
				PRODUCT_NAME = "$(TARGET_NAME)";
			};
			name = Debug;
		};
		B6DBD4B21EDD518900008466 /* Release */ = {
			isa = XCBuildConfiguration;
			baseConfigurationReference = F9AA1ECE6D94281A1544F2F7 /* Pods-MVVM-RAC-Demo.release.xcconfig */;
			buildSettings = {
				ASSETCATALOG_COMPILER_APPICON_NAME = AppIcon;
				HEADER_SEARCH_PATHS = (
					"$(inherited)",
					"\"${PODS_ROOT}/Headers/Public\"",
					"\"${PODS_ROOT}/Headers/Public/Masonry\"",
					"\"${PODS_ROOT}/Headers/Public/ReactiveCocoa\"",
					"${SRCROOT}/**",
				);
				INFOPLIST_FILE = "MVVM-RAC-Demo/Info.plist";
				LD_RUNPATH_SEARCH_PATHS = "$(inherited) @executable_path/Frameworks";
				PRODUCT_BUNDLE_IDENTIFIER = "com.LiYang.start.MVVM-RAC-Demo";
				PRODUCT_NAME = "$(TARGET_NAME)";
			};
			name = Release;
		};
/* End XCBuildConfiguration section */

/* Begin XCConfigurationList section */
		B6DBD4941EDD518900008466 /* Build configuration list for PBXProject "MVVM-RAC-Demo" */ = {
			isa = XCConfigurationList;
			buildConfigurations = (
				B6DBD4AE1EDD518900008466 /* Debug */,
				B6DBD4AF1EDD518900008466 /* Release */,
			);
			defaultConfigurationIsVisible = 0;
			defaultConfigurationName = Release;
		};
		B6DBD4B01EDD518900008466 /* Build configuration list for PBXNativeTarget "MVVM-RAC-Demo" */ = {
			isa = XCConfigurationList;
			buildConfigurations = (
				B6DBD4B11EDD518900008466 /* Debug */,
				B6DBD4B21EDD518900008466 /* Release */,
			);
			defaultConfigurationIsVisible = 0;
			defaultConfigurationName = Release;
		};
/* End XCConfigurationList section */
	};
	rootObject = B6DBD4911EDD518900008466 /* Project object */;
}
